
Microsoft Visual Studio Solution File, Format Version 12.00
# Visual Studio 15
VisualStudioVersion = 15.0.27428.2037
MinimumVisualStudioVersion = 10.0.40219.1
Project("{FAE04EC0-301F-11D3-BF4B-00C04F79EFBC}") = "FindFriends", "FindFriends\FindFriends.csproj", "{A3283D84-EE49-4160-A2E1-76263987B649}"
EndProject
Global
	GlobalSection(SolutionConfigurationPlatforms) = preSolution
		Debug|Any CPU = Debug|Any CPU
		Release|Any CPU = Release|Any CPU
	EndGlobalSection
	GlobalSection(ProjectConfigurationPlatforms) = postSolution
		{A3283D84-EE49-4160-A2E1-76263987B649}.Debug|Any CPU.ActiveCfg = Debug|Any CPU
		{A3283D84-EE49-4160-A2E1-76263987B649}.Debug|Any CPU.Build.0 = Debug|Any CPU
		{A3283D84-EE49-4160-A2E1-76263987B649}.Release|Any CPU.ActiveCfg = Release|Any CPU
		{A3283D84-EE49-4160-A2E1-76263987B649}.Release|Any CPU.Build.0 = Release|Any CPU
	EndGlobalSection
	GlobalSection(SolutionProperties) = preSolution
		HideSolutionNode = FALSE
	EndGlobalSection
	GlobalSection(ExtensibilityGlobals) = postSolution
		SolutionGuid = {8FB53EC1-A890-458D-999E-D810FB5E8173}
	EndGlobalSection
EndGlobal
